// !$*UTF8*$!
{
	archiveVersion = 1;
	classes = {
	};
	objectVersion = 46;
	objects = {

/* Begin PBXBuildFile section */
		E22476871CC32A7700325F9B /* AppDelegate.swift in Sources */ = {isa = PBXBuildFile; fileRef = E22476861CC32A7600325F9B /* AppDelegate.swift */; };
		E22476891CC32A7700325F9B /* ViewController.swift in Sources */ = {isa = PBXBuildFile; fileRef = E22476881CC32A7700325F9B /* ViewController.swift */; };
		E224768C1CC32A7700325F9B /* Main.storyboard in Resources */ = {isa = PBXBuildFile; fileRef = E224768A1CC32A7700325F9B /* Main.storyboard */; };
		E224768F1CC32A7700325F9B /* petDex.xcdatamodeld in Sources */ = {isa = PBXBuildFile; fileRef = E224768D1CC32A7700325F9B /* petDex.xcdatamodeld */; };
		E22476911CC32A7700325F9B /* Assets.xcassets in Resources */ = {isa = PBXBuildFile; fileRef = E22476901CC32A7700325F9B /* Assets.xcassets */; };
		E22476941CC32A7700325F9B /* LaunchScreen.storyboard in Resources */ = {isa = PBXBuildFile; fileRef = E22476921CC32A7700325F9B /* LaunchScreen.storyboard */; };
		E224769F1CC32A7700325F9B /* petDexTests.swift in Sources */ = {isa = PBXBuildFile; fileRef = E224769E1CC32A7700325F9B /* petDexTests.swift */; };
		E22476AA1CC32A7700325F9B /* petDexUITests.swift in Sources */ = {isa = PBXBuildFile; fileRef = E22476A91CC32A7700325F9B /* petDexUITests.swift */; };
/* End PBXBuildFile section */

/* Begin PBXContainerItemProxy section */
		E224769B1CC32A7700325F9B /* PBXContainerItemProxy */ = {
			isa = PBXContainerItemProxy;
			containerPortal = E224767B1CC32A7600325F9B /* Project object */;
			proxyType = 1;
			remoteGlobalIDString = E22476821CC32A7600325F9B;
			remoteInfo = petDex;
		};
		E22476A61CC32A7700325F9B /* PBXContainerItemProxy */ = {
			isa = PBXContainerItemProxy;
			containerPortal = E224767B1CC32A7600325F9B /* Project object */;
			proxyType = 1;
			remoteGlobalIDString = E22476821CC32A7600325F9B;
			remoteInfo = petDex;
		};
/* End PBXContainerItemProxy section */

/* Begin PBXFileReference section */
		E22476831CC32A7600325F9B /* petDex.app */ = {isa = PBXFileReference; explicitFileType = wrapper.application; includeInIndex = 0; path = petDex.app; sourceTree = BUILT_PRODUCTS_DIR; };
		E22476861CC32A7600325F9B /* AppDelegate.swift */ = {isa = PBXFileReference; lastKnownFileType = sourcecode.swift; path = AppDelegate.swift; sourceTree = "<group>"; };
		E22476881CC32A7700325F9B /* ViewController.swift */ = {isa = PBXFileReference; lastKnownFileType = sourcecode.swift; path = ViewController.swift; sourceTree = "<group>"; };
		E224768B1CC32A7700325F9B /* Base */ = {isa = PBXFileReference; lastKnownFileType = file.storyboard; name = Base; path = Base.lproj/Main.storyboard; sourceTree = "<group>"; };
		E224768E1CC32A7700325F9B /* petDex.xcdatamodel */ = {isa = PBXFileReference; lastKnownFileType = wrapper.xcdatamodel; path = petDex.xcdatamodel; sourceTree = "<group>"; };
		E22476901CC32A7700325F9B /* Assets.xcassets */ = {isa = PBXFileReference; lastKnownFileType = folder.assetcatalog; path = Assets.xcassets; sourceTree = "<group>"; };
		E22476931CC32A7700325F9B /* Base */ = {isa = PBXFileReference; lastKnownFileType = file.storyboard; name = Base; path = Base.lproj/LaunchScreen.storyboard; sourceTree = "<group>"; };
		E22476951CC32A7700325F9B /* Info.plist */ = {isa = PBXFileReference; lastKnownFileType = text.plist.xml; path = Info.plist; sourceTree = "<group>"; };
		E224769A1CC32A7700325F9B /* petDexTests.xctest */ = {isa = PBXFileReference; explicitFileType = wrapper.cfbundle; includeInIndex = 0; path = petDexTests.xctest; sourceTree = BUILT_PRODUCTS_DIR; };
		E224769E1CC32A7700325F9B /* petDexTests.swift */ = {isa = PBXFileReference; lastKnownFileType = sourcecode.swift; path = petDexTests.swift; sourceTree = "<group>"; };
		E22476A01CC32A7700325F9B /* Info.plist */ = {isa = PBXFileReference; lastKnownFileType = text.plist.xml; path = Info.plist; sourceTree = "<group>"; };
		E22476A51CC32A7700325F9B /* petDexUITests.xctest */ = {isa = PBXFileReference; explicitFileType = wrapper.cfbundle; includeInIndex = 0; path = petDexUITests.xctest; sourceTree = BUILT_PRODUCTS_DIR; };
		E22476A91CC32A7700325F9B /* petDexUITests.swift */ = {isa = PBXFileReference; lastKnownFileType = sourcecode.swift; path = petDexUITests.swift; sourceTree = "<group>"; };
		E22476AB1CC32A7700325F9B /* Info.plist */ = {isa = PBXFileReference; lastKnownFileType = text.plist.xml; path = Info.plist; sourceTree = "<group>"; };
/* End PBXFileReference section */

/* Begin PBXFrameworksBuildPhase section */
		E22476801CC32A7600325F9B /* Frameworks */ = {
			isa = PBXFrameworksBuildPhase;
			buildActionMask = 2147483647;
			files = (
			);
			runOnlyForDeploymentPostprocessing = 0;
		};
		E22476971CC32A7700325F9B /* Frameworks */ = {
			isa = PBXFrameworksBuildPhase;
			buildActionMask = 2147483647;
			files = (
			);
			runOnlyForDeploymentPostprocessing = 0;
		};
		E22476A21CC32A7700325F9B /* Frameworks */ = {
			isa = PBXFrameworksBuildPhase;
			buildActionMask = 2147483647;
			files = (
			);
			runOnlyForDeploymentPostprocessing = 0;
		};
/* End PBXFrameworksBuildPhase section */

/* Begin PBXGroup section */
		E224767A1CC32A7600325F9B = {
			isa = PBXGroup;
			children = (
				E22476851CC32A7600325F9B /* petDex */,
				E224769D1CC32A7700325F9B /* petDexTests */,
				E22476A81CC32A7700325F9B /* petDexUITests */,
				E22476841CC32A7600325F9B /* Products */,
			);
			sourceTree = "<group>";
		};
		E22476841CC32A7600325F9B /* Products */ = {
			isa = PBXGroup;
			children = (
				E22476831CC32A7600325F9B /* petDex.app */,
				E224769A1CC32A7700325F9B /* petDexTests.xctest */,
				E22476A51CC32A7700325F9B /* petDexUITests.xctest */,
			);
			name = Products;
			sourceTree = "<group>";
		};
		E22476851CC32A7600325F9B /* petDex */ = {
			isa = PBXGroup;
			children = (
				E22476861CC32A7600325F9B /* AppDelegate.swift */,
				E22476881CC32A7700325F9B /* ViewController.swift */,
				E224768A1CC32A7700325F9B /* Main.storyboard */,
				E22476901CC32A7700325F9B /* Assets.xcassets */,
				E22476921CC32A7700325F9B /* LaunchScreen.storyboard */,
				E22476951CC32A7700325F9B /* Info.plist */,
				E224768D1CC32A7700325F9B /* petDex.xcdatamodeld */,
			);
			path = petDex;
			sourceTree = "<group>";
		};
		E224769D1CC32A7700325F9B /* petDexTests */ = {
			isa = PBXGroup;
			children = (
				E224769E1CC32A7700325F9B /* petDexTests.swift */,
				E22476A01CC32A7700325F9B /* Info.plist */,
			);
			path = petDexTests;
			sourceTree = "<group>";
		};
		E22476A81CC32A7700325F9B /* petDexUITests */ = {
			isa = PBXGroup;
			children = (
				E22476A91CC32A7700325F9B /* petDexUITests.swift */,
				E22476AB1CC32A7700325F9B /* Info.plist */,
			);
			path = petDexUITests;
			sourceTree = "<group>";
		};
/* End PBXGroup section */

/* Begin PBXNativeTarget section */
		E22476821CC32A7600325F9B /* petDex */ = {
			isa = PBXNativeTarget;
			buildConfigurationList = E22476AE1CC32A7700325F9B /* Build configuration list for PBXNativeTarget "petDex" */;
			buildPhases = (
				E224767F1CC32A7600325F9B /* Sources */,
				E22476801CC32A7600325F9B /* Frameworks */,
				E22476811CC32A7600325F9B /* Resources */,
			);
			buildRules = (
			);
			dependencies = (
			);
			name = petDex;
			productName = petDex;
			productReference = E22476831CC32A7600325F9B /* petDex.app */;
			productType = "com.apple.product-type.application";
		};
		E22476991CC32A7700325F9B /* petDexTests */ = {
			isa = PBXNativeTarget;
			buildConfigurationList = E22476B11CC32A7700325F9B /* Build configuration list for PBXNativeTarget "petDexTests" */;
			buildPhases = (
				E22476961CC32A7700325F9B /* Sources */,
				E22476971CC32A7700325F9B /* Frameworks */,
				E22476981CC32A7700325F9B /* Resources */,
			);
			buildRules = (
			);
			dependencies = (
				E224769C1CC32A7700325F9B /* PBXTargetDependency */,
			);
			name = petDexTests;
			productName = petDexTests;
			productReference = E224769A1CC32A7700325F9B /* petDexTests.xctest */;
			productType = "com.apple.product-type.bundle.unit-test";
		};
		E22476A41CC32A7700325F9B /* petDexUITests */ = {
			isa = PBXNativeTarget;
			buildConfigurationList = E22476B41CC32A7700325F9B /* Build configuration list for PBXNativeTarget "petDexUITests" */;
			buildPhases = (
				E22476A11CC32A7700325F9B /* Sources */,
				E22476A21CC32A7700325F9B /* Frameworks */,
				E22476A31CC32A7700325F9B /* Resources */,
			);
			buildRules = (
			);
			dependencies = (
				E22476A71CC32A7700325F9B /* PBXTargetDependency */,
			);
			name = petDexUITests;
			productName = petDexUITests;
			productReference = E22476A51CC32A7700325F9B /* petDexUITests.xctest */;
			productType = "com.apple.product-type.bundle.ui-testing";
		};
/* End PBXNativeTarget section */

/* Begin PBXProject section */
		E224767B1CC32A7600325F9B /* Project object */ = {
			isa = PBXProject;
			attributes = {
				LastSwiftUpdateCheck = 0730;
				LastUpgradeCheck = 0730;
				ORGANIZATIONNAME = "Rodolfo Castillo";
				TargetAttributes = {
					E22476821CC32A7600325F9B = {
						CreatedOnToolsVersion = 7.3;
					};
					E22476991CC32A7700325F9B = {
						CreatedOnToolsVersion = 7.3;
						TestTargetID = E22476821CC32A7600325F9B;
					};
					E22476A41CC32A7700325F9B = {
						CreatedOnToolsVersion = 7.3;
						TestTargetID = E22476821CC32A7600325F9B;
					};
				};
			};
			buildConfigurationList = E224767E1CC32A7600325F9B /* Build configuration list for PBXProject "petDex" */;
			compatibilityVersion = "Xcode 3.2";
			developmentRegion = English;
			hasScannedForEncodings = 0;
			knownRegions = (
				en,
				Base,
			);
			mainGroup = E224767A1CC32A7600325F9B;
			productRefGroup = E22476841CC32A7600325F9B /* Products */;
			projectDirPath = "";
			projectRoot = "";
			targets = (
				E22476821CC32A7600325F9B /* petDex */,
				E22476991CC32A7700325F9B /* petDexTests */,
				E22476A41CC32A7700325F9B /* petDexUITests */,
			);
		};
/* End PBXProject section */

/* Begin PBXResourcesBuildPhase section */
		E22476811CC32A7600325F9B /* Resources */ = {
			isa = PBXResourcesBuildPhase;
			buildActionMask = 2147483647;
			files = (
				E22476941CC32A7700325F9B /* LaunchScreen.storyboard in Resources */,
				E22476911CC32A7700325F9B /* Assets.xcassets in Resources */,
				E224768C1CC32A7700325F9B /* Main.storyboard in Resources */,
			);
			runOnlyForDeploymentPostprocessing = 0;
		};
		E22476981CC32A7700325F9B /* Resources */ = {
			isa = PBXResourcesBuildPhase;
			buildActionMask = 2147483647;
			files = (
			);
			runOnlyForDeploymentPostprocessing = 0;
		};
		E22476A31CC32A7700325F9B /* Resources */ = {
			isa = PBXResourcesBuildPhase;
			buildActionMask = 2147483647;
			files = (
			);
			runOnlyForDeploymentPostprocessing = 0;
		};
/* End PBXResourcesBuildPhase section */

/* Begin PBXSourcesBuildPhase section */
		E224767F1CC32A7600325F9B /* Sources */ = {
			isa = PBXSourcesBuildPhase;
			buildActionMask = 2147483647;
			files = (
				E224768F1CC32A7700325F9B /* petDex.xcdatamodeld in Sources */,
				E22476891CC32A7700325F9B /* ViewController.swift in Sources */,
				E22476871CC32A7700325F9B /* AppDelegate.swift in Sources */,
			);
			runOnlyForDeploymentPostprocessing = 0;
		};
		E22476961CC32A7700325F9B /* Sources */ = {
			isa = PBXSourcesBuildPhase;
			buildActionMask = 2147483647;
			files = (
				E224769F1CC32A7700325F9B /* petDexTests.swift in Sources */,
			);
			runOnlyForDeploymentPostprocessing = 0;
		};
		E22476A11CC32A7700325F9B /* Sources */ = {
			isa = PBXSourcesBuildPhase;
			buildActionMask = 2147483647;
			files = (
				E22476AA1CC32A7700325F9B /* petDexUITests.swift in Sources */,
			);
			runOnlyForDeploymentPostprocessing = 0;
		};
/* End PBXSourcesBuildPhase section */

/* Begin PBXTargetDependency section */
		E224769C1CC32A7700325F9B /* PBXTargetDependency */ = {
			isa = PBXTargetDependency;
			target = E22476821CC32A7600325F9B /* petDex */;
			targetProxy = E224769B1CC32A7700325F9B /* PBXContainerItemProxy */;
		};
		E22476A71CC32A7700325F9B /* PBXTargetDependency */ = {
			isa = PBXTargetDependency;
			target = E22476821CC32A7600325F9B /* petDex */;
			targetProxy = E22476A61CC32A7700325F9B /* PBXContainerItemProxy */;
		};
/* End PBXTargetDependency section */

/* Begin PBXVariantGroup section */
		E224768A1CC32A7700325F9B /* Main.storyboard */ = {
			isa = PBXVariantGroup;
			children = (
				E224768B1CC32A7700325F9B /* Base */,
			);
			name = Main.storyboard;
			sourceTree = "<group>";
		};
		E22476921CC32A7700325F9B /* LaunchScreen.storyboard */ = {
			isa = PBXVariantGroup;
			children = (
				E22476931CC32A7700325F9B /* Base */,
			);
			name = LaunchScreen.storyboard;
			sourceTree = "<group>";
		};
/* End PBXVariantGroup section */

/* Begin XCBuildConfiguration section */
		E22476AC1CC32A7700325F9B /* Debug */ = {
			isa = XCBuildConfiguration;
			buildSettings = {
				ALWAYS_SEARCH_USER_PATHS = NO;
				CLANG_ANALYZER_NONNULL = YES;
				CLANG_CXX_LANGUAGE_STANDARD = "gnu++0x";
				CLANG_CXX_LIBRARY = "libc++";
				CLANG_ENABLE_MODULES = YES;
				CLANG_ENABLE_OBJC_ARC = YES;
				CLANG_WARN_BOOL_CONVERSION = YES;
				CLANG_WARN_CONSTANT_CONVERSION = YES;
				CLANG_WARN_DIRECT_OBJC_ISA_USAGE = YES_ERROR;
				CLANG_WARN_EMPTY_BODY = YES;
				CLANG_WARN_ENUM_CONVERSION = YES;
				CLANG_WARN_INT_CONVERSION = YES;
				CLANG_WARN_OBJC_ROOT_CLASS = YES_ERROR;
				CLANG_WARN_UNREACHABLE_CODE = YES;
				CLANG_WARN__DUPLICATE_METHOD_MATCH = YES;
				"CODE_SIGN_IDENTITY[sdk=iphoneos*]" = "iPhone Developer";
				COPY_PHASE_STRIP = NO;
				DEBUG_INFORMATION_FORMAT = dwarf;
				ENABLE_STRICT_OBJC_MSGSEND = YES;
				ENABLE_TESTABILITY = YES;
				GCC_C_LANGUAGE_STANDARD = gnu99;
				GCC_DYNAMIC_NO_PIC = NO;
				GCC_NO_COMMON_BLOCKS = YES;
				GCC_OPTIMIZATION_LEVEL = 0;
				GCC_PREPROCESSOR_DEFINITIONS = (
					"DEBUG=1",
					"$(inherited)",
				);
				GCC_WARN_64_TO_32_BIT_CONVERSION = YES;
				GCC_WARN_ABOUT_RETURN_TYPE = YES_ERROR;
				GCC_WARN_UNDECLARED_SELECTOR = YES;
				GCC_WARN_UNINITIALIZED_AUTOS = YES_AGGRESSIVE;
				GCC_WARN_UNUSED_FUNCTION = YES;
				GCC_WARN_UNUSED_VARIABLE = YES;
				IPHONEOS_DEPLOYMENT_TARGET = 9.3;
				MTL_ENABLE_DEBUG_INFO = YES;
				ONLY_ACTIVE_ARCH = YES;
				SDKROOT = iphoneos;
				SWIFT_OPTIMIZATION_LEVEL = "-Onone";
			};
			name = Debug;
		};
		E22476AD1CC32A7700325F9B /* Release */ = {
			isa = XCBuildConfiguration;
			buildSettings = {
				ALWAYS_SEARCH_USER_PATHS = NO;
				CLANG_ANALYZER_NONNULL = YES;
				CLANG_CXX_LANGUAGE_STANDARD = "gnu++0x";
				CLANG_CXX_LIBRARY = "libc++";
				CLANG_ENABLE_MODULES = YES;
				CLANG_ENABLE_OBJC_ARC = YES;
				CLANG_WARN_BOOL_CONVERSION = YES;
				CLANG_WARN_CONSTANT_CONVERSION = YES;
				CLANG_WARN_DIRECT_OBJC_ISA_USAGE = YES_ERROR;
				CLANG_WARN_EMPTY_BODY = YES;
				CLANG_WARN_ENUM_CONVERSION = YES;
				CLANG_WARN_INT_CONVERSION = YES;
				CLANG_WARN_OBJC_ROOT_CLASS = YES_ERROR;
				CLANG_WARN_UNREACHABLE_CODE = YES;
				CLANG_WARN__DUPLICATE_METHOD_MATCH = YES;
				"CODE_SIGN_IDENTITY[sdk=iphoneos*]" = "iPhone Developer";
				COPY_PHASE_STRIP = NO;
				DEBUG_INFORMATION_FORMAT = "dwarf-with-dsym";
				ENABLE_NS_ASSERTIONS = NO;
				ENABLE_STRICT_OBJC_MSGSEND = YES;
				GCC_C_LANGUAGE_STANDARD = gnu99;
				GCC_NO_COMMON_BLOCKS = YES;
				GCC_WARN_64_TO_32_BIT_CONVERSION = YES;
				GCC_WARN_ABOUT_RETURN_TYPE = YES_ERROR;
				GCC_WARN_UNDECLARED_SELECTOR = YES;
				GCC_WARN_UNINITIALIZED_AUTOS = YES_AGGRESSIVE;
				GCC_WARN_UNUSED_FUNCTION = YES;
				GCC_WARN_UNUSED_VARIABLE = YES;
				IPHONEOS_DEPLOYMENT_TARGET = 9.3;
				MTL_ENABLE_DEBUG_INFO = NO;
				SDKROOT = iphoneos;
				VALIDATE_PRODUCT = YES;
			};
			name = Release;
		};
		E22476AF1CC32A7700325F9B /* Debug */ = {
			isa = XCBuildConfiguration;
			buildSettings = {
				ASSETCATALOG_COMPILER_APPICON_NAME = AppIcon;
				INFOPLIST_FILE = petDex/Info.plist;
				LD_RUNPATH_SEARCH_PATHS = "$(inherited) @executable_path/Frameworks";
				PRODUCT_BUNDLE_IDENTIFIER = mariachi.io.petDex;
				PRODUCT_NAME = "$(TARGET_NAME)";
			};
			name = Debug;
		};
		E22476B01CC32A7700325F9B /* Release */ = {
			isa = XCBuildConfiguration;
			buildSettings = {
				ASSETCATALOG_COMPILER_APPICON_NAME = AppIcon;
				INFOPLIST_FILE = petDex/Info.plist;
				LD_RUNPATH_SEARCH_PATHS = "$(inherited) @executable_path/Frameworks";
				PRODUCT_BUNDLE_IDENTIFIER = mariachi.io.petDex;
				PRODUCT_NAME = "$(TARGET_NAME)";
			};
			name = Release;
		};
		E22476B21CC32A7700325F9B /* Debug */ = {
			isa = XCBuildConfiguration;
			buildSettings = {
				BUNDLE_LOADER = "$(TEST_HOST)";
				INFOPLIST_FILE = petDexTests/Info.plist;
				LD_RUNPATH_SEARCH_PATHS = "$(inherited) @executable_path/Frameworks @loader_path/Frameworks";
				PRODUCT_BUNDLE_IDENTIFIER = mariachi.io.petDexTests;
				PRODUCT_NAME = "$(TARGET_NAME)";
				TEST_HOST = "$(BUILT_PRODUCTS_DIR)/petDex.app/petDex";
			};
			name = Debug;
		};
		E22476B31CC32A7700325F9B /* Release */ = {
			isa = XCBuildConfiguration;
			buildSettings = {
				BUNDLE_LOADER = "$(TEST_HOST)";
				INFOPLIST_FILE = petDexTests/Info.plist;
				LD_RUNPATH_SEARCH_PATHS = "$(inherited) @executable_path/Frameworks @loader_path/Frameworks";
				PRODUCT_BUNDLE_IDENTIFIER = mariachi.io.petDexTests;
				PRODUCT_NAME = "$(TARGET_NAME)";
				TEST_HOST = "$(BUILT_PRODUCTS_DIR)/petDex.app/petDex";
			};
			name = Release;
		};
		E22476B51CC32A7700325F9B /* Debug */ = {
			isa = XCBuildConfiguration;
			buildSettings = {
				INFOPLIST_FILE = petDexUITests/Info.plist;
				LD_RUNPATH_SEARCH_PATHS = "$(inherited) @executable_path/Frameworks @loader_path/Frameworks";
				PRODUCT_BUNDLE_IDENTIFIER = mariachi.io.petDexUITests;
				PRODUCT_NAME = "$(TARGET_NAME)";
				TEST_TARGET_NAME = petDex;
			};
			name = Debug;
		};
		E22476B61CC32A7700325F9B /* Release */ = {
			isa = XCBuildConfiguration;
			buildSettings = {
				INFOPLIST_FILE = petDexUITests/Info.plist;
				LD_RUNPATH_SEARCH_PATHS = "$(inherited) @executable_path/Frameworks @loader_path/Frameworks";
				PRODUCT_BUNDLE_IDENTIFIER = mariachi.io.petDexUITests;
				PRODUCT_NAME = "$(TARGET_NAME)";
				TEST_TARGET_NAME = petDex;
			};
			name = Release;
		};
/* End XCBuildConfiguration section */

/* Begin XCConfigurationList section */
		E224767E1CC32A7600325F9B /* Build configuration list for PBXProject "petDex" */ = {
			isa = XCConfigurationList;
			buildConfigurations = (
				E22476AC1CC32A7700325F9B /* Debug */,
				E22476AD1CC32A7700325F9B /* Release */,
			);
			defaultConfigurationIsVisible = 0;
			defaultConfigurationName = Release;
		};
		E22476AE1CC32A7700325F9B /* Build configuration list for PBXNativeTarget "petDex" */ = {
			isa = XCConfigurationList;
			buildConfigurations = (
				E22476AF1CC32A7700325F9B /* Debug */,
				E22476B01CC32A7700325F9B /* Release */,
			);
			defaultConfigurationIsVisible = 0;
		};
		E22476B11CC32A7700325F9B /* Build configuration list for PBXNativeTarget "petDexTests" */ = {
			isa = XCConfigurationList;
			buildConfigurations = (
				E22476B21CC32A7700325F9B /* Debug */,
				E22476B31CC32A7700325F9B /* Release */,
			);
			defaultConfigurationIsVisible = 0;
		};
		E22476B41CC32A7700325F9B /* Build configuration list for PBXNativeTarget "petDexUITests" */ = {
			isa = XCConfigurationList;
			buildConfigurations = (
				E22476B51CC32A7700325F9B /* Debug */,
				E22476B61CC32A7700325F9B /* Release */,
			);
			defaultConfigurationIsVisible = 0;
		};
/* End XCConfigurationList section */

/* Begin XCVersionGroup section */
		E224768D1CC32A7700325F9B /* petDex.xcdatamodeld */ = {
			isa = XCVersionGroup;
			children = (
				E224768E1CC32A7700325F9B /* petDex.xcdatamodel */,
			);
			currentVersion = E224768E1CC32A7700325F9B /* petDex.xcdatamodel */;
			path = petDex.xcdatamodeld;
			sourceTree = "<group>";
			versionGroupType = wrapper.xcdatamodel;
		};
/* End XCVersionGroup section */
	};
	rootObject = E224767B1CC32A7600325F9B /* Project object */;
}
